
Microsoft Visual Studio Solution File, Format Version 12.00
# Visual Studio Version 17
VisualStudioVersion = 17.0.31903.59
MinimumVisualStudioVersion = 10.0.40219.1
Project("{FAE04EC0-301F-11D3-BF4B-00C04F79EFBC}") = "BinarySearch", "BinarySearch\BinarySearch.csproj", "{75D7F79A-8827-42FD-B42E-DB4B7BDC7ABE}"
EndProject
Project("{FAE04EC0-301F-11D3-BF4B-00C04F79EFBC}") = "BinarySearchTest", "BinarySearchTest\BinarySearchTest.csproj", "{4C76EBEE-BAE7-4275-9A93-1515671A71EA}"
EndProject
Global
	GlobalSection(SolutionConfigurationPlatforms) = preSolution
		Debug|Any CPU = Debug|Any CPU
		Release|Any CPU = Release|Any CPU
	EndGlobalSection
	GlobalSection(SolutionProperties) = preSolution
		HideSolutionNode = FALSE
	EndGlobalSection
	GlobalSection(ProjectConfigurationPlatforms) = postSolution
		{75D7F79A-8827-42FD-B42E-DB4B7BDC7ABE}.Debug|Any CPU.ActiveCfg = Debug|Any CPU
		{75D7F79A-8827-42FD-B42E-DB4B7BDC7ABE}.Debug|Any CPU.Build.0 = Debug|Any CPU
		{75D7F79A-8827-42FD-B42E-DB4B7BDC7ABE}.Release|Any CPU.ActiveCfg = Release|Any CPU
		{75D7F79A-8827-42FD-B42E-DB4B7BDC7ABE}.Release|Any CPU.Build.0 = Release|Any CPU
		{4C76EBEE-BAE7-4275-9A93-1515671A71EA}.Debug|Any CPU.ActiveCfg = Debug|Any CPU
		{4C76EBEE-BAE7-4275-9A93-1515671A71EA}.Debug|Any CPU.Build.0 = Debug|Any CPU
		{4C76EBEE-BAE7-4275-9A93-1515671A71EA}.Release|Any CPU.ActiveCfg = Release|Any CPU
		{4C76EBEE-BAE7-4275-9A93-1515671A71EA}.Release|Any CPU.Build.0 = Release|Any CPU
	EndGlobalSection
EndGlobal
